
Microsoft Visual Studio Solution File, Format Version 12.00
# Visual Studio 2012
Project("{FAE04EC0-301F-11D3-BF4B-00C04F79EFBC}") = "Spectre", "Spectre\Spectre.csproj", "{9624D685-5DFE-43E3-A42F-5A2EAE586CA0}"
EndProject
Global
	GlobalSection(SolutionConfigurationPlatforms) = preSolution
		Debug|Any CPU = Debug|Any CPU
		Release|Any CPU = Release|Any CPU
	EndGlobalSection
	GlobalSection(ProjectConfigurationPlatforms) = postSolution
		{9624D685-5DFE-43E3-A42F-5A2EAE586CA0}.Debug|Any CPU.ActiveCfg = Debug|Any CPU
		{9624D685-5DFE-43E3-A42F-5A2EAE586CA0}.Debug|Any CPU.Build.0 = Debug|Any CPU
		{9624D685-5DFE-43E3-A42F-5A2EAE586CA0}.Release|Any CPU.ActiveCfg = Release|Any CPU
		{9624D685-5DFE-43E3-A42F-5A2EAE586CA0}.Release|Any CPU.Build.0 = Release|Any CPU
	EndGlobalSection
	GlobalSection(SolutionProperties) = preSolution
		HideSolutionNode = FALSE
	EndGlobalSection
EndGlobal
